
Microsoft Visual Studio Solution File, Format Version 12.00
# Visual Studio Version 17
VisualStudioVersion = 17.11.35222.181
MinimumVisualStudioVersion = 10.0.40219.1
Project("{FAE04EC0-301F-11D3-BF4B-00C04F79EFBC}") = "StudentInfoApplication", "StudentInfoApplication\StudentInfoApplication.csproj", "{9C902957-9673-4EE5-87FD-D9EEBE07CC34}"
EndProject
Global
	GlobalSection(SolutionConfigurationPlatforms) = preSolution
		Debug|Any CPU = Debug|Any CPU
		Release|Any CPU = Release|Any CPU
	EndGlobalSection
	GlobalSection(ProjectConfigurationPlatforms) = postSolution
		{9C902957-9673-4EE5-87FD-D9EEBE07CC34}.Debug|Any CPU.ActiveCfg = Debug|Any CPU
		{9C902957-9673-4EE5-87FD-D9EEBE07CC34}.Debug|Any CPU.Build.0 = Debug|Any CPU
		{9C902957-9673-4EE5-87FD-D9EEBE07CC34}.Release|Any CPU.ActiveCfg = Release|Any CPU
		{9C902957-9673-4EE5-87FD-D9EEBE07CC34}.Release|Any CPU.Build.0 = Release|Any CPU
	EndGlobalSection
	GlobalSection(SolutionProperties) = preSolution
		HideSolutionNode = FALSE
	EndGlobalSection
	GlobalSection(ExtensibilityGlobals) = postSolution
		SolutionGuid = {566E0045-1AAD-466B-A7C4-8D2D3F021C31}
	EndGlobalSection
EndGlobal
